
Microsoft Visual Studio Solution File, Format Version 12.00
# Visual Studio Version 17
VisualStudioVersion = 17.7.34003.232
MinimumVisualStudioVersion = 10.0.40219.1
Project("{9A19103F-16F7-4668-BE54-9A1E7A4F7556}") = "app", "app.csproj", "{920E8974-89B7-4AB7-BC90-8B9FD5BE3906}"
EndProject
Global
	GlobalSection(SolutionConfigurationPlatforms) = preSolution
		Debug|Any CPU = Debug|Any CPU
		Release|Any CPU = Release|Any CPU
	EndGlobalSection
	GlobalSection(ProjectConfigurationPlatforms) = postSolution
		{920E8974-89B7-4AB7-BC90-8B9FD5BE3906}.Debug|Any CPU.ActiveCfg = Debug|Any CPU
		{920E8974-89B7-4AB7-BC90-8B9FD5BE3906}.Debug|Any CPU.Build.0 = Debug|Any CPU
		{920E8974-89B7-4AB7-BC90-8B9FD5BE3906}.Release|Any CPU.ActiveCfg = Release|Any CPU
		{920E8974-89B7-4AB7-BC90-8B9FD5BE3906}.Release|Any CPU.Build.0 = Release|Any CPU
	EndGlobalSection
	GlobalSection(SolutionProperties) = preSolution
		HideSolutionNode = FALSE
	EndGlobalSection
	GlobalSection(ExtensibilityGlobals) = postSolution
		SolutionGuid = {C441CD28-2502-41EA-8045-3E67AFDBC02A}
	EndGlobalSection
EndGlobal
